
Microsoft Visual Studio Solution File, Format Version 12.00
# Visual Studio Version 17
VisualStudioVersion = 17.1.32319.34
MinimumVisualStudioVersion = 10.0.40219.1
Project("{FAE04EC0-301F-11D3-BF4B-00C04F79EFBC}") = "GingerTestHelper", "GingerTestHelper\GingerTestHelper.csproj", "{29110E8E-677F-4E8F-858C-689E42820BEC}"
EndProject
Project("{FAE04EC0-301F-11D3-BF4B-00C04F79EFBC}") = "SampleProject", "SampleProject\SampleProject.csproj", "{BB770084-F552-4BFF-85C1-E195AB42CE8B}"
EndProject
Project("{FAE04EC0-301F-11D3-BF4B-00C04F79EFBC}") = "SampleProjectTest", "SampleProjectTest\SampleProjectTest.csproj", "{B5551F0B-68CA-41D1-B0F4-F476540F56BD}"
EndProject
Global
	GlobalSection(SolutionConfigurationPlatforms) = preSolution
		Debug|Any CPU = Debug|Any CPU
		Release|Any CPU = Release|Any CPU
	EndGlobalSection
	GlobalSection(ProjectConfigurationPlatforms) = postSolution
		{29110E8E-677F-4E8F-858C-689E42820BEC}.Debug|Any CPU.ActiveCfg = Debug|Any CPU
		{29110E8E-677F-4E8F-858C-689E42820BEC}.Debug|Any CPU.Build.0 = Debug|Any CPU
		{29110E8E-677F-4E8F-858C-689E42820BEC}.Release|Any CPU.ActiveCfg = Release|Any CPU
		{29110E8E-677F-4E8F-858C-689E42820BEC}.Release|Any CPU.Build.0 = Release|Any CPU
		{BB770084-F552-4BFF-85C1-E195AB42CE8B}.Debug|Any CPU.ActiveCfg = Debug|Any CPU
		{BB770084-F552-4BFF-85C1-E195AB42CE8B}.Debug|Any CPU.Build.0 = Debug|Any CPU
		{BB770084-F552-4BFF-85C1-E195AB42CE8B}.Release|Any CPU.ActiveCfg = Release|Any CPU
		{BB770084-F552-4BFF-85C1-E195AB42CE8B}.Release|Any CPU.Build.0 = Release|Any CPU
		{B5551F0B-68CA-41D1-B0F4-F476540F56BD}.Debug|Any CPU.ActiveCfg = Debug|Any CPU
		{B5551F0B-68CA-41D1-B0F4-F476540F56BD}.Debug|Any CPU.Build.0 = Debug|Any CPU
		{B5551F0B-68CA-41D1-B0F4-F476540F56BD}.Release|Any CPU.ActiveCfg = Release|Any CPU
		{B5551F0B-68CA-41D1-B0F4-F476540F56BD}.Release|Any CPU.Build.0 = Release|Any CPU
	EndGlobalSection
	GlobalSection(SolutionProperties) = preSolution
		HideSolutionNode = FALSE
	EndGlobalSection
	GlobalSection(ExtensibilityGlobals) = postSolution
		SolutionGuid = {87B1D489-BC65-495D-A5FD-5FB00C08E85D}
	EndGlobalSection
EndGlobal
